
Microsoft Visual Studio Solution File, Format Version 12.00
# Visual Studio 15
VisualStudioVersion = 15.0.28307.421
MinimumVisualStudioVersion = 10.0.40219.1
Project("{FAE04EC0-301F-11D3-BF4B-00C04F79EFBC}") = "AppWebShopFFF", "AppWebShopFFF\AppWebShopFFF.csproj", "{E0B1ABE0-3082-4A68-9189-7401C6F1D28D}"
EndProject
Project("{FAE04EC0-301F-11D3-BF4B-00C04F79EFBC}") = "AccesData", "AccesData\AccesData.csproj", "{5C56C105-EE02-4A17-B2D3-9C67F1C8652B}"
EndProject
Project("{FAE04EC0-301F-11D3-BF4B-00C04F79EFBC}") = "Model", "Model\Model.csproj", "{E39FA846-D1FE-4A6A-B24E-DAA31B8B1D3D}"
EndProject
Global
	GlobalSection(SolutionConfigurationPlatforms) = preSolution
		Debug|Any CPU = Debug|Any CPU
		Release|Any CPU = Release|Any CPU
	EndGlobalSection
	GlobalSection(ProjectConfigurationPlatforms) = postSolution
		{E0B1ABE0-3082-4A68-9189-7401C6F1D28D}.Debug|Any CPU.ActiveCfg = Debug|Any CPU
		{E0B1ABE0-3082-4A68-9189-7401C6F1D28D}.Debug|Any CPU.Build.0 = Debug|Any CPU
		{E0B1ABE0-3082-4A68-9189-7401C6F1D28D}.Release|Any CPU.ActiveCfg = Release|Any CPU
		{E0B1ABE0-3082-4A68-9189-7401C6F1D28D}.Release|Any CPU.Build.0 = Release|Any CPU
		{5C56C105-EE02-4A17-B2D3-9C67F1C8652B}.Debug|Any CPU.ActiveCfg = Debug|Any CPU
		{5C56C105-EE02-4A17-B2D3-9C67F1C8652B}.Debug|Any CPU.Build.0 = Debug|Any CPU
		{5C56C105-EE02-4A17-B2D3-9C67F1C8652B}.Release|Any CPU.ActiveCfg = Release|Any CPU
		{5C56C105-EE02-4A17-B2D3-9C67F1C8652B}.Release|Any CPU.Build.0 = Release|Any CPU
		{E39FA846-D1FE-4A6A-B24E-DAA31B8B1D3D}.Debug|Any CPU.ActiveCfg = Debug|Any CPU
		{E39FA846-D1FE-4A6A-B24E-DAA31B8B1D3D}.Debug|Any CPU.Build.0 = Debug|Any CPU
		{E39FA846-D1FE-4A6A-B24E-DAA31B8B1D3D}.Release|Any CPU.ActiveCfg = Release|Any CPU
		{E39FA846-D1FE-4A6A-B24E-DAA31B8B1D3D}.Release|Any CPU.Build.0 = Release|Any CPU
	EndGlobalSection
	GlobalSection(SolutionProperties) = preSolution
		HideSolutionNode = FALSE
	EndGlobalSection
	GlobalSection(ExtensibilityGlobals) = postSolution
		SolutionGuid = {2AE98512-D317-456C-9F2C-4B64C6B82F2A}
	EndGlobalSection
EndGlobal
